{
    "_readme": [
        "This file locks the dependencies of your project to a known state",
        "Read more about it at http://getcomposer.org/doc/01-basic-usage.md#composer-lock-the-lock-file",
        "This file is @generated automatically"
    ],
    "hash": "916fca37053298eb810a4c481c0ad6d6",
    "packages": [
        {
            "name": "clevertech/yii-booster",
            "version": "v4.0.1",
            "source": {
                "type": "git",
                "url": "https://github.com/clevertech/YiiBooster.git",
                "reference": "e0f9f68cfab70a4d7663f2857159dfeda4e15433"
            },
            "dist": {
                "type": "zip",
                "url": "https://api.github.com/repos/clevertech/YiiBooster/zipball/e0f9f68cfab70a4d7663f2857159dfeda4e15433",
                "reference": "e0f9f68cfab70a4d7663f2857159dfeda4e15433",
                "shasum": ""
            },
            "require": {
                "php": ">=5.4.0"
            },
            "require-dev": {
                "ardem/yii-coding-standard": "dev-master",
                "mayflower/php-codebrowser": "1.*",
                "ncuesta/pinocchio": "dev-master",
                "phploc/phploc": "2.*",
                "phpunit/phpunit": "3.7.*",
                "sebastian/phpcpd": "2.*",
                "squizlabs/php_codesniffer": "1.*",
                "yiisoft/yii": "1.1.14"
            },
            "type": "library",
            "notification-url": "https://packagist.org/downloads/",
            "license": [
                "BSD-2-Clause"
            ],
            "authors": [
                {
                    "name": "Antonio Ramirez",
                    "email": "amigo.cobos@gmail.com",
                    "homepage": "http://www.ramirezcobos.com",
                    "role": "Founder and development"
                },
                {
                    "name": "Saphronov Mark",
                    "email": "hijarian@gmail.com",
                    "homepage": "http://about.me/hijarian"
                },
                {
                    "name": "Ruslan Fadeev"
                },
                {
                    "name": "Amr Bedair",
                    "email": "amr.bedair@gmail.com",
                    "homepage": "http://amr.nefya.com"
                }
            ],
            "description": "Widget toolkit for Yii framework",
            "homepage": "http://yiibooster.clevertech.biz/",
            "keywords": [
                "bootstrap",
                "yii"
            ],
            "time": "2014-06-06 19:38:18"
        },
        {
            "name": "guzzlehttp/guzzle",
            "version": "4.2.2",
            "source": {
                "type": "git",
                "url": "https://github.com/guzzle/guzzle.git",
                "reference": "9c4fbbf6457768f5036fbd88f1229f3fca812a5d"
            },
            "dist": {
                "type": "zip",
                "url": "https://api.github.com/repos/guzzle/guzzle/zipball/9c4fbbf6457768f5036fbd88f1229f3fca812a5d",
                "reference": "9c4fbbf6457768f5036fbd88f1229f3fca812a5d",
                "shasum": ""
            },
            "require": {
                "ext-json": "*",
                "guzzlehttp/streams": "~2.1",
                "php": ">=5.4.0"
            },
            "require-dev": {
                "ext-curl": "*",
                "phpunit/phpunit": "~4.0",
                "psr/log": "~1.0"
            },
            "suggest": {
                "ext-curl": "Guzzle will use specific adapters if cURL is present"
            },
            "type": "library",
            "extra": {
                "branch-alias": {
                    "dev-master": "4.2-dev"
                }
            },
            "autoload": {
                "psr-4": {
                    "GuzzleHttp\\": "src/"
                },
                "files": [
                    "src/functions.php"
                ]
            },
            "notification-url": "https://packagist.org/downloads/",
            "license": [
                "MIT"
            ],
            "authors": [
                {
                    "name": "Michael Dowling",
                    "email": "mtdowling@gmail.com",
                    "homepage": "https://github.com/mtdowling"
                }
            ],
            "description": "Guzzle is a PHP HTTP client library and framework for building RESTful web service clients",
            "homepage": "http://guzzlephp.org/",
            "keywords": [
                "client",
                "curl",
                "framework",
                "http",
                "http client",
                "rest",
                "web service"
            ],
            "time": "2014-09-08 22:11:58"
        },
        {
            "name": "guzzlehttp/streams",
            "version": "2.1.0",
            "source": {
                "type": "git",
                "url": "https://github.com/guzzle/streams.git",
                "reference": "f91b721d73f0e561410903b3b3c90a5d0e40b534"
            },
            "dist": {
                "type": "zip",
                "url": "https://api.github.com/repos/guzzle/streams/zipball/f91b721d73f0e561410903b3b3c90a5d0e40b534",
                "reference": "f91b721d73f0e561410903b3b3c90a5d0e40b534",
                "shasum": ""
            },
            "require": {
                "php": ">=5.4.0"
            },
            "require-dev": {
                "phpunit/phpunit": "~4.0"
            },
            "type": "library",
            "extra": {
                "branch-alias": {
                    "dev-master": "2.0-dev"
                }
            },
            "autoload": {
                "psr-4": {
                    "GuzzleHttp\\Stream\\": "src/"
                },
                "files": [
                    "src/functions.php"
                ]
            },
            "notification-url": "https://packagist.org/downloads/",
            "license": [
                "MIT"
            ],
            "authors": [
                {
                    "name": "Michael Dowling",
                    "email": "mtdowling@gmail.com",
                    "homepage": "https://github.com/mtdowling"
                }
            ],
            "description": "Provides a simple abstraction over streams of data (Guzzle 4+)",
            "homepage": "http://guzzlephp.org/",
            "keywords": [
                "Guzzle",
                "stream"
            ],
            "time": "2014-08-17 21:15:53"
        },
        {
            "name": "imagine/imagine",
            "version": "v0.6.1",
            "source": {
                "type": "git",
                "url": "https://github.com/avalanche123/Imagine.git",
                "reference": "725279fd560faa1c7012a80b427b31d7f08f36ff"
            },
            "dist": {
                "type": "zip",
                "url": "https://api.github.com/repos/avalanche123/Imagine/zipball/725279fd560faa1c7012a80b427b31d7f08f36ff",
                "reference": "725279fd560faa1c7012a80b427b31d7f08f36ff",
                "shasum": ""
            },
            "require": {
                "php": ">=5.3.2"
            },
            "require-dev": {
                "sami/sami": "dev-master"
            },
            "suggest": {
                "ext-gd": "to use the GD implementation",
                "ext-gmagick": "to use the Gmagick implementation",
                "ext-imagick": "to use the Imagick implementation"
            },
            "type": "library",
            "extra": {
                "branch-alias": {
                    "dev-develop": "0.6-dev"
                }
            },
            "autoload": {
                "psr-0": {
                    "Imagine": "lib/"
                }
            },
            "notification-url": "https://packagist.org/downloads/",
            "license": [
                "MIT"
            ],
            "authors": [
                {
                    "name": "Bulat Shakirzyanov",
                    "email": "mallluhuct@gmail.com",
                    "homepage": "http://avalanche123.com"
                }
            ],
            "description": "Image processing for PHP 5.3",
            "homepage": "http://imagine.readthedocs.org/",
            "keywords": [
                "drawing",
                "graphics",
                "image manipulation",
                "image processing"
            ],
            "time": "2014-06-16 20:53:48"
        },
        {
            "name": "itmages/lightopenid",
            "version": "v1.0.1",
            "source": {
                "type": "git",
                "url": "https://github.com/itmages/lightopenid.git",
                "reference": "1c9c15e780381bdf93e7b6817353caf460a67368"
            },
            "dist": {
                "type": "zip",
                "url": "https://api.github.com/repos/itmages/lightopenid/zipball/1c9c15e780381bdf93e7b6817353caf460a67368",
                "reference": "1c9c15e780381bdf93e7b6817353caf460a67368",
                "shasum": ""
            },
            "type": "library",
            "autoload": {
                "classmap": [
                    "src/"
                ]
            },
            "notification-url": "https://packagist.org/downloads/",
            "license": [
                "MIT"
            ],
            "authors": [
                {
                    "name": "Mewp"
                }
            ],
            "description": "An PHP 5 library for easy openid authentication. Works only as a consumer.",
            "homepage": "http://gitorious.org/lightopenid",
            "time": "2013-08-20 17:26:36"
        },
        {
            "name": "itmages/yii-eoauth",
            "version": "v1.0.1",
            "source": {
                "type": "git",
                "url": "https://github.com/itmages/yii-eoauth.git",
                "reference": "68bc83f243fb1632865db92cab8c482ac6db52e0"
            },
            "dist": {
                "type": "zip",
                "url": "https://api.github.com/repos/itmages/yii-eoauth/zipball/68bc83f243fb1632865db92cab8c482ac6db52e0",
                "reference": "68bc83f243fb1632865db92cab8c482ac6db52e0",
                "shasum": ""
            },
            "type": "library",
            "autoload": {
                "classmap": [
                    "src/"
                ]
            },
            "notification-url": "https://packagist.org/downloads/",
            "license": [
                "MIT"
            ],
            "authors": [
                {
                    "name": "Jorge Barata González"
                }
            ],
            "description": "Yii Framework Extension. EOAuthUserIdentity class implements IUserIdentity Yii interface and the OAuth protocol to authenticate a user. Based on Google's software.",
            "homepage": "http://www.yiiframework.com/extension/eoauth/",
            "time": "2013-08-20 17:25:55"
        },
        {
            "name": "nodge/yii-eauth",
            "version": "dev-master",
            "source": {
                "type": "git",
                "url": "https://github.com/Nodge/yii-eauth.git",
                "reference": "3dc054724e1c42af0896f38ce9f4c18e88c3a64d"
            },
            "dist": {
                "type": "zip",
                "url": "https://api.github.com/repos/Nodge/yii-eauth/zipball/3dc054724e1c42af0896f38ce9f4c18e88c3a64d",
                "reference": "3dc054724e1c42af0896f38ce9f4c18e88c3a64d",
                "shasum": ""
            },
            "require": {
                "itmages/lightopenid": "@stable",
                "itmages/yii-eoauth": "@stable",
                "php": ">=5.3.0"
            },
            "type": "library",
            "autoload": {
                "classmap": [
                    "."
                ]
            },
            "notification-url": "https://packagist.org/downloads/",
            "license": [
                "BSD 2-Clause License"
            ],
            "authors": [
                {
                    "name": "Maxim Zemskov",
                    "email": "nodge@yandex.ru",
                    "homepage": "http://nodge.ru/"
                }
            ],
            "description": "EAuth extension allows to authenticate users by the OpenID, OAuth 1.0 and OAuth 2.0 providers.",
            "homepage": "https://github.com/Nodge/yii-eauth",
            "time": "2014-07-14 19:05:35"
        },
        {
            "name": "phpmailer/phpmailer",
            "version": "dev-master",
            "source": {
                "type": "git",
                "url": "https://github.com/PHPMailer/PHPMailer.git",
                "reference": "9a34593dc37f8eaf630d7b42b29644b7c29a15a2"
            },
            "dist": {
                "type": "zip",
                "url": "https://api.github.com/repos/PHPMailer/PHPMailer/zipball/9a34593dc37f8eaf630d7b42b29644b7c29a15a2",
                "reference": "9a34593dc37f8eaf630d7b42b29644b7c29a15a2",
                "shasum": ""
            },
            "require": {
                "php": ">=5.0.0"
            },
            "require-dev": {
                "phpdocumentor/phpdocumentor": "*",
                "phpunit/phpunit": "4.1.*"
            },
            "type": "library",
            "autoload": {
                "classmap": [
                    "class.phpmailer.php",
                    "class.pop3.php",
                    "class.smtp.php"
                ]
            },
            "notification-url": "https://packagist.org/downloads/",
            "license": [
                "LGPL-2.1"
            ],
            "authors": [
                {
                    "name": "Jim Jagielski",
                    "email": "jimjag@gmail.com"
                },
                {
                    "name": "Marcus Bointon",
                    "email": "phpmailer@synchromedia.co.uk"
                },
                {
                    "name": "Andy Prevost",
                    "email": "codeworxtech@users.sourceforge.net"
                },
                {
                    "name": "Brent R. Matzelle"
                }
            ],
            "description": "PHPMailer is a full-featured email creation and transfer class for PHP",
            "time": "2014-10-01 05:37:44"
        },
        {
            "name": "symfony/event-dispatcher",
            "version": "v2.5.5",
            "target-dir": "Symfony/Component/EventDispatcher",
            "source": {
                "type": "git",
                "url": "https://github.com/symfony/EventDispatcher.git",
                "reference": "f6281337bf5f985f585d1db6a83adb05ce531f46"
            },
            "dist": {
                "type": "zip",
                "url": "https://api.github.com/repos/symfony/EventDispatcher/zipball/f6281337bf5f985f585d1db6a83adb05ce531f46",
                "reference": "f6281337bf5f985f585d1db6a83adb05ce531f46",
                "shasum": ""
            },
            "require": {
                "php": ">=5.3.3"
            },
            "require-dev": {
                "psr/log": "~1.0",
                "symfony/config": "~2.0",
                "symfony/dependency-injection": "~2.0,<2.6.0",
                "symfony/stopwatch": "~2.2"
            },
            "suggest": {
                "symfony/dependency-injection": "",
                "symfony/http-kernel": ""
            },
            "type": "library",
            "extra": {
                "branch-alias": {
                    "dev-master": "2.5-dev"
                }
            },
            "autoload": {
                "psr-0": {
                    "Symfony\\Component\\EventDispatcher\\": ""
                }
            },
            "notification-url": "https://packagist.org/downloads/",
            "license": [
                "MIT"
            ],
            "authors": [
                {
                    "name": "Symfony Community",
                    "homepage": "http://symfony.com/contributors"
                },
                {
                    "name": "Fabien Potencier",
                    "email": "fabien@symfony.com"
                }
            ],
            "description": "Symfony EventDispatcher Component",
            "homepage": "http://symfony.com",
            "time": "2014-09-28 15:56:11"
        },
        {
            "name": "twig/twig",
            "version": "v1.16.0",
            "source": {
                "type": "git",
                "url": "https://github.com/fabpot/Twig.git",
                "reference": "8ce37115802e257a984a82d38254884085060024"
            },
            "dist": {
                "type": "zip",
                "url": "https://api.github.com/repos/fabpot/Twig/zipball/8ce37115802e257a984a82d38254884085060024",
                "reference": "8ce37115802e257a984a82d38254884085060024",
                "shasum": ""
            },
            "require": {
                "php": ">=5.2.4"
            },
            "type": "library",
            "extra": {
                "branch-alias": {
                    "dev-master": "1.16-dev"
                }
            },
            "autoload": {
                "psr-0": {
                    "Twig_": "lib/"
                }
            },
            "notification-url": "https://packagist.org/downloads/",
            "license": [
                "BSD-3-Clause"
            ],
            "authors": [
                {
                    "name": "Fabien Potencier",
                    "email": "fabien@symfony.com",
                    "homepage": "http://fabien.potencier.org",
                    "role": "Lead Developer"
                },
                {
                    "name": "Armin Ronacher",
                    "email": "armin.ronacher@active-4.com",
                    "role": "Project Founder"
                },
                {
                    "name": "Twig Team",
                    "homepage": "https://github.com/fabpot/Twig/graphs/contributors",
                    "role": "Contributors"
                }
            ],
            "description": "Twig, the flexible, fast, and secure template language for PHP",
            "homepage": "http://twig.sensiolabs.org",
            "keywords": [
                "templating"
            ],
            "time": "2014-07-05 12:19:05"
        },
        {
            "name": "yiiext/imperavi-redactor-widget",
            "version": "dev-master",
            "source": {
                "type": "git",
                "url": "https://github.com/yiiext/imperavi-redactor-widget.git",
                "reference": "d884c3c80d1e7d3a66d9f774fc429f196368ffd7"
            },
            "dist": {
                "type": "zip",
                "url": "https://api.github.com/repos/yiiext/imperavi-redactor-widget/zipball/d884c3c80d1e7d3a66d9f774fc429f196368ffd7",
                "reference": "d884c3c80d1e7d3a66d9f774fc429f196368ffd7",
                "shasum": ""
            },
            "type": "library",
            "notification-url": "https://packagist.org/downloads/",
            "license": [
                "proprietary"
            ],
            "authors": [
                {
                    "name": "Veaceslav Medvedev",
                    "email": "slavcopost@gmail.com"
                },
                {
                    "name": "Alexander Makarov",
                    "email": "sam@rmcreative.ru",
                    "homepage": "http://rmcreative.ru/"
                }
            ],
            "description": "Imperavi Redactor Widget for Yii",
            "homepage": "https://github.com/yiiext/imperavi-redactor-widget",
            "keywords": [
                "impravi",
                "wysiwyg",
                "yii"
            ],
            "time": "2014-09-25 17:47:26"
        },
        {
            "name": "yiiext/nested-set-behavior",
            "version": "dev-master",
            "source": {
                "type": "git",
                "url": "https://github.com/yiiext/nested-set-behavior.git",
                "reference": "89dec5030c5fe8e407e0b352844ac2ad473a5c4b"
            },
            "dist": {
                "type": "zip",
                "url": "https://api.github.com/repos/yiiext/nested-set-behavior/zipball/89dec5030c5fe8e407e0b352844ac2ad473a5c4b",
                "reference": "89dec5030c5fe8e407e0b352844ac2ad473a5c4b",
                "shasum": ""
            },
            "require": {
                "php": ">=5.1.0"
            },
            "type": "yii-extension",
            "notification-url": "https://packagist.org/downloads/",
            "license": [
                "BSD-3-Clause"
            ],
            "authors": [
                {
                    "name": "Alexander Kochetov",
                    "email": "creocoder@gmail.com"
                }
            ],
            "description": "AR models behavior that allows to work with nested sets tree.",
            "homepage": "https://github.com/yiiext/nested-set-behavior",
            "keywords": [
                "extension",
                "nested set",
                "yii"
            ],
            "time": "2014-04-15 10:23:00"
        },
        {
            "name": "yiiext/taggable-behavior",
            "version": "1.5.1",
            "source": {
                "type": "git",
                "url": "https://github.com/yiiext/taggable-behavior.git",
                "reference": "b3713545565374522b3cb2b1fe066720466f0897"
            },
            "type": "library"
        },
        {
            "name": "yiiext/twig-renderer",
            "version": "1.1.15",
            "source": {
                "type": "git",
                "url": "https://github.com/yiiext/twig-renderer",
                "reference": "v1.1.15"
            },
            "type": "library"
        },
        {
            "name": "yiisoft/yii",
            "version": "1.1.15",
            "source": {
                "type": "git",
                "url": "https://github.com/yiisoft/yii.git",
                "reference": "022a51d34ad2c95db2b77b2075e98f5dd78b08e0"
            },
            "dist": {
                "type": "zip",
                "url": "https://api.github.com/repos/yiisoft/yii/zipball/022a51d34ad2c95db2b77b2075e98f5dd78b08e0",
                "reference": "022a51d34ad2c95db2b77b2075e98f5dd78b08e0",
                "shasum": ""
            },
            "require": {
                "php": ">=5.1.0"
            },
            "bin": [
                "framework/yiic"
            ],
            "type": "library",
            "notification-url": "https://packagist.org/downloads/",
            "license": [
                "BSD-3-Clause"
            ],
            "authors": [
                {
                    "name": "Qiang Xue",
                    "email": "qiang.xue@gmail.com",
                    "homepage": "http://www.yiiframework.com/",
                    "role": "Founder and project lead"
                },
                {
                    "name": "Alexander Makarov",
                    "email": "sam@rmcreative.ru",
                    "homepage": "http://rmcreative.ru/",
                    "role": "Core framework development"
                },
                {
                    "name": "Maurizio Domba",
                    "homepage": "http://mdomba.info/",
                    "role": "Core framework development"
                },
                {
                    "name": "Carsten Brandt",
                    "email": "mail@cebe.cc",
                    "homepage": "http://cebe.cc/",
                    "role": "Core framework development"
                },
                {
                    "name": "Wei Zhuo",
                    "email": "weizhuo@gmail.com",
                    "role": "Project site maintenance and development"
                },
                {
                    "name": "Sebastián Thierer",
                    "email": "sebas@artfos.com",
                    "role": "Component development"
                },
                {
                    "name": "Jeffrey Winesett",
                    "email": "jefftulsa@gmail.com",
                    "role": "Documentation and marketing"
                },
                {
                    "name": "Timur Ruziev",
                    "email": "resurtm@gmail.com",
                    "homepage": "http://resurtm.com/",
                    "role": "Core framework development"
                },
                {
                    "name": "Paul Klimov",
                    "email": "klimov.paul@gmail.com",
                    "role": "Core framework development"
                }
            ],
            "description": "Yii Web Programming Framework",
            "homepage": "http://www.yiiframework.com/",
            "keywords": [
                "framework",
                "yii"
            ],
            "time": "2014-06-30 00:14:27"
        },
        {
            "name": "zhuravljov/yii2-debug",
            "version": "dev-master",
            "source": {
                "type": "git",
                "url": "https://github.com/zhuravljov/yii2-debug.git",
                "reference": "6289378ea8c091ffb251ad26a8b92d321162991c"
            },
            "dist": {
                "type": "zip",
                "url": "https://api.github.com/repos/zhuravljov/yii2-debug/zipball/6289378ea8c091ffb251ad26a8b92d321162991c",
                "reference": "6289378ea8c091ffb251ad26a8b92d321162991c",
                "shasum": ""
            },
            "require": {
                "php": ">=5.1.0",
                "yiisoft/yii": ">=1.1.15"
            },
            "type": "yii-extension",
            "notification-url": "https://packagist.org/downloads/",
            "license": [
                "BSD-3-Clause"
            ],
            "authors": [
                {
                    "name": "Roman Zhuravlev",
                    "email": "zhuravljov@gmail.com"
                }
            ],
            "description": "Yii debug toolbar",
            "homepage": "https://github.com/zhuravljov/yii2-debug",
            "keywords": [
                "debug",
                "extension",
                "yii"
            ],
            "time": "2014-08-30 15:21:23"
        }
    ],
    "packages-dev": null,
    "aliases": [

    ],
    "minimum-stability": "stable",
    "stability-flags": {
        "yiiext/nested-set-behavior": 20,
        "yiiext/imperavi-redactor-widget": 20,
        "zhuravljov/yii2-debug": 20,
        "phpmailer/phpmailer": 20,
        "nodge/yii-eauth": 20
    },
    "prefer-stable": false,
    "platform": {
        "php": ">=5.4"
    },
    "platform-dev": [

    ]
}
